{
  "version": 4,
  "terraform_version": "1.4.5",
  "serial": 17,
  "lineage": "8cfd3b1a-c65d-16df-b12e-ca8a0995e6d1",
  "outputs": {
    "vm_public_ip_address": {
      "value": "20.43.60.56",
      "type": "string"
    },
    "vm_username": {
      "value": "adminuser",
      "type": "string"
    }
  },
  "resources": [
    {
      "mode": "managed",
      "type": "azurerm_linux_virtual_machine",
      "name": "main",
      "provider": "provider[\"registry.terraform.io/hashicorp/azurerm\"]",
      "instances": [
        {
          "schema_version": 0,
          "attributes": {
            "additional_capabilities": [],
            "admin_password": null,
            "admin_ssh_key": [
              {
                "public_key": "ssh-rsa AAAAB3NzaC1yc2EAAAADAQABAAABgQDI4lB1GAQHDhQzGv+VhNcNEToVqqEeo2VA4GDHSck30emdIh1Iu4sYfv6Gjsv40P5wgxaKO1blbn33SelFB6TciGDOyxzWx9DKNfmNznkfFtcmIOUeQx2eO8VdMPLGYhWSWiCSZMUxf+3/SD5I3L7UpuYoo/hj9lvpptIP38XXyuu/XY4fJ/Nyn7URxYtWsXAsu8kTMnqIB+I17IhDmML+cM3ANWdmC2q9EFbT6GjGGeSN87VNwVs24HdgfcgZIWWipwhRWyw7jeqcXAC9mxP4nzJGYsIOhgUoQgGpKgJ28Z/JX3UlK+SxlkVDeacTJRMx6BvkPzuiC3o9QU3vsC/GCe8JweXO7rKlcX7cEJHhI88rC5gbM7Vo6W0A9OMJQbXKFo+t1+Emh96t+7Zj7OfGcAAKQUwICIhIOxps3wo584tqGwJy1459/BAaCzbp544cooIkCEh7PRD9t02k7hoijmL0+VZuK+X7siNGNMRDQ3szI0xZBWBlkt5cNG8Tyz0= pauline@Vostro-14-5410",
                "username": "adminuser"
              }
            ],
            "admin_username": "adminuser",
            "allow_extension_operations": true,
            "availability_set_id": "",
            "boot_diagnostics": [],
            "computer_name": "hitema-docker-devops-vm",
            "custom_data": null,
            "dedicated_host_group_id": "",
            "dedicated_host_id": "",
            "disable_password_authentication": true,
            "edge_zone": "",
            "encryption_at_host_enabled": false,
            "eviction_policy": "",
            "extensions_time_budget": "PT1H30M",
            "id": "/subscriptions/23ae836b-3ff1-4acb-b355-8bcbec64ee62/resourceGroups/hitema-docker-devops-resources/providers/Microsoft.Compute/virtualMachines/hitema-docker-devops-vm",
            "identity": [],
            "license_type": "",
            "location": "francecentral",
            "max_bid_price": -1,
            "name": "hitema-docker-devops-vm",
            "network_interface_ids": [
              "/subscriptions/23ae836b-3ff1-4acb-b355-8bcbec64ee62/resourceGroups/hitema-docker-devops-resources/providers/Microsoft.Network/networkInterfaces/hitema-docker-devops-nic1",
              "/subscriptions/23ae836b-3ff1-4acb-b355-8bcbec64ee62/resourceGroups/hitema-docker-devops-resources/providers/Microsoft.Network/networkInterfaces/hitema-docker-devops-nic2"
            ],
            "os_disk": [
              {
                "caching": "ReadWrite",
                "diff_disk_settings": [],
                "disk_encryption_set_id": "",
                "disk_size_gb": 30,
                "name": "hitema-docker-devops-vm_OsDisk_1_f344347b73bf40078a967136027b5ea3",
                "storage_account_type": "Standard_LRS",
                "write_accelerator_enabled": false
              }
            ],
            "patch_mode": "ImageDefault",
            "plan": [],
            "platform_fault_domain": -1,
            "priority": "Regular",
            "private_ip_address": "10.0.2.4",
            "private_ip_addresses": [
              "10.0.2.4",
              "10.0.2.5"
            ],
            "provision_vm_agent": true,
            "proximity_placement_group_id": "",
            "public_ip_address": "20.43.60.56",
            "public_ip_addresses": [
              "20.43.60.56"
            ],
            "resource_group_name": "hitema-docker-devops-resources",
            "secret": [],
            "secure_boot_enabled": false,
            "size": "Standard_B1s",
            "source_image_id": "",
            "source_image_reference": [
              {
                "offer": "UbuntuServer",
                "publisher": "Canonical",
                "sku": "18.04-LTS",
                "version": "latest"
              }
            ],
            "tags": {},
            "termination_notification": [],
            "timeouts": null,
            "user_data": "",
            "virtual_machine_id": "14804fd8-67ec-4219-b676-3cdf94e9b447",
            "virtual_machine_scale_set_id": "",
            "vtpm_enabled": false,
            "zone": ""
          },
          "sensitive_attributes": [],
          "private": "eyJlMmJmYjczMC1lY2FhLTExZTYtOGY4OC0zNDM2M2JjN2M0YzAiOnsiY3JlYXRlIjoyNzAwMDAwMDAwMDAwLCJkZWxldGUiOjI3MDAwMDAwMDAwMDAsInJlYWQiOjMwMDAwMDAwMDAwMCwidXBkYXRlIjoyNzAwMDAwMDAwMDAwfX0=",
          "dependencies": [
            "azurerm_network_interface.internal",
            "azurerm_network_interface.main",
            "azurerm_public_ip.pip",
            "azurerm_resource_group.main",
            "azurerm_subnet.internal",
            "azurerm_virtual_network.main"
          ]
        }
      ]
    },
    {
      "mode": "managed",
      "type": "azurerm_network_interface",
      "name": "internal",
      "provider": "provider[\"registry.terraform.io/hashicorp/azurerm\"]",
      "instances": [
        {
          "schema_version": 0,
          "attributes": {
            "applied_dns_servers": [],
            "dns_servers": [],
            "edge_zone": "",
            "enable_accelerated_networking": false,
            "enable_ip_forwarding": false,
            "id": "/subscriptions/23ae836b-3ff1-4acb-b355-8bcbec64ee62/resourceGroups/hitema-docker-devops-resources/providers/Microsoft.Network/networkInterfaces/hitema-docker-devops-nic2",
            "internal_dns_name_label": "",
            "internal_domain_name_suffix": "dftkegmu0foezfb2fh4lrjp40h.parx.internal.cloudapp.net",
            "ip_configuration": [
              {
                "gateway_load_balancer_frontend_ip_configuration_id": "",
                "name": "internal",
                "primary": true,
                "private_ip_address": "10.0.2.5",
                "private_ip_address_allocation": "Dynamic",
                "private_ip_address_version": "IPv4",
                "public_ip_address_id": "",
                "subnet_id": "/subscriptions/23ae836b-3ff1-4acb-b355-8bcbec64ee62/resourceGroups/hitema-docker-devops-resources/providers/Microsoft.Network/virtualNetworks/hitema-docker-devops-network/subnets/internal"
              }
            ],
            "location": "francecentral",
            "mac_address": "00-22-48-39-36-3A",
            "name": "hitema-docker-devops-nic2",
            "private_ip_address": "10.0.2.5",
            "private_ip_addresses": [
              "10.0.2.5"
            ],
            "resource_group_name": "hitema-docker-devops-resources",
            "tags": {},
            "timeouts": null,
            "virtual_machine_id": "/subscriptions/23ae836b-3ff1-4acb-b355-8bcbec64ee62/resourceGroups/hitema-docker-devops-resources/providers/Microsoft.Compute/virtualMachines/hitema-docker-devops-vm"
          },
          "sensitive_attributes": [],
          "private": "eyJlMmJmYjczMC1lY2FhLTExZTYtOGY4OC0zNDM2M2JjN2M0YzAiOnsiY3JlYXRlIjoxODAwMDAwMDAwMDAwLCJkZWxldGUiOjE4MDAwMDAwMDAwMDAsInJlYWQiOjMwMDAwMDAwMDAwMCwidXBkYXRlIjoxODAwMDAwMDAwMDAwfX0=",
          "dependencies": [
            "azurerm_resource_group.main",
            "azurerm_subnet.internal",
            "azurerm_virtual_network.main"
          ]
        }
      ]
    },
    {
      "mode": "managed",
      "type": "azurerm_network_interface",
      "name": "main",
      "provider": "provider[\"registry.terraform.io/hashicorp/azurerm\"]",
      "instances": [
        {
          "schema_version": 0,
          "attributes": {
            "applied_dns_servers": [],
            "dns_servers": [],
            "edge_zone": "",
            "enable_accelerated_networking": false,
            "enable_ip_forwarding": false,
            "id": "/subscriptions/23ae836b-3ff1-4acb-b355-8bcbec64ee62/resourceGroups/hitema-docker-devops-resources/providers/Microsoft.Network/networkInterfaces/hitema-docker-devops-nic1",
            "internal_dns_name_label": "",
            "internal_domain_name_suffix": "dftkegmu0foezfb2fh4lrjp40h.parx.internal.cloudapp.net",
            "ip_configuration": [
              {
                "gateway_load_balancer_frontend_ip_configuration_id": "",
                "name": "primary",
                "primary": true,
                "private_ip_address": "10.0.2.4",
                "private_ip_address_allocation": "Dynamic",
                "private_ip_address_version": "IPv4",
                "public_ip_address_id": "/subscriptions/23ae836b-3ff1-4acb-b355-8bcbec64ee62/resourceGroups/hitema-docker-devops-resources/providers/Microsoft.Network/publicIPAddresses/hitema-docker-devops-pip",
                "subnet_id": "/subscriptions/23ae836b-3ff1-4acb-b355-8bcbec64ee62/resourceGroups/hitema-docker-devops-resources/providers/Microsoft.Network/virtualNetworks/hitema-docker-devops-network/subnets/internal"
              }
            ],
            "location": "francecentral",
            "mac_address": "00-22-48-39-30-D2",
            "name": "hitema-docker-devops-nic1",
            "private_ip_address": "10.0.2.4",
            "private_ip_addresses": [
              "10.0.2.4"
            ],
            "resource_group_name": "hitema-docker-devops-resources",
            "tags": {},
            "timeouts": null,
            "virtual_machine_id": "/subscriptions/23ae836b-3ff1-4acb-b355-8bcbec64ee62/resourceGroups/hitema-docker-devops-resources/providers/Microsoft.Compute/virtualMachines/hitema-docker-devops-vm"
          },
          "sensitive_attributes": [],
          "private": "eyJlMmJmYjczMC1lY2FhLTExZTYtOGY4OC0zNDM2M2JjN2M0YzAiOnsiY3JlYXRlIjoxODAwMDAwMDAwMDAwLCJkZWxldGUiOjE4MDAwMDAwMDAwMDAsInJlYWQiOjMwMDAwMDAwMDAwMCwidXBkYXRlIjoxODAwMDAwMDAwMDAwfX0=",
          "dependencies": [
            "azurerm_public_ip.pip",
            "azurerm_resource_group.main",
            "azurerm_subnet.internal",
            "azurerm_virtual_network.main"
          ]
        }
      ]
    },
    {
      "mode": "managed",
      "type": "azurerm_network_security_group",
      "name": "webserver",
      "provider": "provider[\"registry.terraform.io/hashicorp/azurerm\"]",
      "instances": [
        {
          "schema_version": 0,
          "attributes": {
            "id": "/subscriptions/23ae836b-3ff1-4acb-b355-8bcbec64ee62/resourceGroups/hitema-docker-devops-resources/providers/Microsoft.Network/networkSecurityGroups/tls_webserver",
            "location": "francecentral",
            "name": "tls_webserver",
            "resource_group_name": "hitema-docker-devops-resources",
            "security_rule": [
              {
                "access": "Allow",
                "description": "",
                "destination_address_prefix": "*",
                "destination_address_prefixes": [],
                "destination_application_security_group_ids": [],
                "destination_port_range": "80",
                "destination_port_ranges": [],
                "direction": "Inbound",
                "name": "tls",
                "priority": 100,
                "protocol": "Tcp",
                "source_address_prefix": "*",
                "source_address_prefixes": [],
                "source_application_security_group_ids": [],
                "source_port_range": "*",
                "source_port_ranges": []
              }
            ],
            "tags": {},
            "timeouts": null
          },
          "sensitive_attributes": [],
          "private": "eyJlMmJmYjczMC1lY2FhLTExZTYtOGY4OC0zNDM2M2JjN2M0YzAiOnsiY3JlYXRlIjoxODAwMDAwMDAwMDAwLCJkZWxldGUiOjE4MDAwMDAwMDAwMDAsInJlYWQiOjMwMDAwMDAwMDAwMCwidXBkYXRlIjoxODAwMDAwMDAwMDAwfX0=",
          "dependencies": [
            "azurerm_resource_group.main"
          ]
        }
      ]
    },
    {
      "mode": "managed",
      "type": "azurerm_public_ip",
      "name": "pip",
      "provider": "provider[\"registry.terraform.io/hashicorp/azurerm\"]",
      "instances": [
        {
          "schema_version": 0,
          "attributes": {
            "allocation_method": "Static",
            "domain_name_label": null,
            "edge_zone": "",
            "fqdn": null,
            "id": "/subscriptions/23ae836b-3ff1-4acb-b355-8bcbec64ee62/resourceGroups/hitema-docker-devops-resources/providers/Microsoft.Network/publicIPAddresses/hitema-docker-devops-pip",
            "idle_timeout_in_minutes": 4,
            "ip_address": "20.43.60.56",
            "ip_tags": {},
            "ip_version": "IPv4",
            "location": "francecentral",
            "name": "hitema-docker-devops-pip",
            "public_ip_prefix_id": null,
            "resource_group_name": "hitema-docker-devops-resources",
            "reverse_fqdn": null,
            "sku": "Basic",
            "sku_tier": "Regional",
            "tags": {
              "environment": "Production"
            },
            "timeouts": null,
            "zones": []
          },
          "sensitive_attributes": [],
          "private": "eyJlMmJmYjczMC1lY2FhLTExZTYtOGY4OC0zNDM2M2JjN2M0YzAiOnsiY3JlYXRlIjoxODAwMDAwMDAwMDAwLCJkZWxldGUiOjE4MDAwMDAwMDAwMDAsInJlYWQiOjMwMDAwMDAwMDAwMCwidXBkYXRlIjoxODAwMDAwMDAwMDAwfX0=",
          "dependencies": [
            "azurerm_resource_group.main"
          ]
        }
      ]
    },
    {
      "mode": "managed",
      "type": "azurerm_resource_group",
      "name": "main",
      "provider": "provider[\"registry.terraform.io/hashicorp/azurerm\"]",
      "instances": [
        {
          "schema_version": 0,
          "attributes": {
            "id": "/subscriptions/23ae836b-3ff1-4acb-b355-8bcbec64ee62/resourceGroups/hitema-docker-devops-resources",
            "location": "francecentral",
            "name": "hitema-docker-devops-resources",
            "tags": {},
            "timeouts": null
          },
          "sensitive_attributes": [],
          "private": "eyJlMmJmYjczMC1lY2FhLTExZTYtOGY4OC0zNDM2M2JjN2M0YzAiOnsiY3JlYXRlIjo1NDAwMDAwMDAwMDAwLCJkZWxldGUiOjU0MDAwMDAwMDAwMDAsInJlYWQiOjMwMDAwMDAwMDAwMCwidXBkYXRlIjo1NDAwMDAwMDAwMDAwfX0="
        }
      ]
    },
    {
      "mode": "managed",
      "type": "azurerm_ssh_public_key",
      "name": "main",
      "provider": "provider[\"registry.terraform.io/hashicorp/azurerm\"]",
      "instances": [
        {
          "schema_version": 0,
          "attributes": {
            "id": "/subscriptions/23ae836b-3ff1-4acb-b355-8bcbec64ee62/resourceGroups/hitema-docker-devops-resources/providers/Microsoft.Compute/sshPublicKeys/main",
            "location": "francecentral",
            "name": "main",
            "public_key": "ssh-rsa AAAAB3NzaC1yc2EAAAADAQABAAABgQDI4lB1GAQHDhQzGv+VhNcNEToVqqEeo2VA4GDHSck30emdIh1Iu4sYfv6Gjsv40P5wgxaKO1blbn33SelFB6TciGDOyxzWx9DKNfmNznkfFtcmIOUeQx2eO8VdMPLGYhWSWiCSZMUxf+3/SD5I3L7UpuYoo/hj9lvpptIP38XXyuu/XY4fJ/Nyn7URxYtWsXAsu8kTMnqIB+I17IhDmML+cM3ANWdmC2q9EFbT6GjGGeSN87VNwVs24HdgfcgZIWWipwhRWyw7jeqcXAC9mxP4nzJGYsIOhgUoQgGpKgJ28Z/JX3UlK+SxlkVDeacTJRMx6BvkPzuiC3o9QU3vsC/GCe8JweXO7rKlcX7cEJHhI88rC5gbM7Vo6W0A9OMJQbXKFo+t1+Emh96t+7Zj7OfGcAAKQUwICIhIOxps3wo584tqGwJy1459/BAaCzbp544cooIkCEh7PRD9t02k7hoijmL0+VZuK+X7siNGNMRDQ3szI0xZBWBlkt5cNG8Tyz0= pauline@Vostro-14-5410",
            "resource_group_name": "hitema-docker-devops-resources",
            "tags": {},
            "timeouts": null
          },
          "sensitive_attributes": [],
          "private": "eyJlMmJmYjczMC1lY2FhLTExZTYtOGY4OC0zNDM2M2JjN2M0YzAiOnsiY3JlYXRlIjoyNzAwMDAwMDAwMDAwLCJkZWxldGUiOjI3MDAwMDAwMDAwMDAsInJlYWQiOjMwMDAwMDAwMDAwMCwidXBkYXRlIjoyNzAwMDAwMDAwMDAwfX0=",
          "dependencies": [
            "azurerm_resource_group.main"
          ]
        }
      ]
    },
    {
      "mode": "managed",
      "type": "azurerm_subnet",
      "name": "internal",
      "provider": "provider[\"registry.terraform.io/hashicorp/azurerm\"]",
      "instances": [
        {
          "schema_version": 0,
          "attributes": {
            "address_prefixes": [
              "10.0.2.0/24"
            ],
            "delegation": [],
            "enforce_private_link_endpoint_network_policies": false,
            "enforce_private_link_service_network_policies": false,
            "id": "/subscriptions/23ae836b-3ff1-4acb-b355-8bcbec64ee62/resourceGroups/hitema-docker-devops-resources/providers/Microsoft.Network/virtualNetworks/hitema-docker-devops-network/subnets/internal",
            "name": "internal",
            "resource_group_name": "hitema-docker-devops-resources",
            "service_endpoint_policy_ids": [],
            "service_endpoints": [],
            "timeouts": null,
            "virtual_network_name": "hitema-docker-devops-network"
          },
          "sensitive_attributes": [],
          "private": "eyJlMmJmYjczMC1lY2FhLTExZTYtOGY4OC0zNDM2M2JjN2M0YzAiOnsiY3JlYXRlIjoxODAwMDAwMDAwMDAwLCJkZWxldGUiOjE4MDAwMDAwMDAwMDAsInJlYWQiOjMwMDAwMDAwMDAwMCwidXBkYXRlIjoxODAwMDAwMDAwMDAwfX0=",
          "dependencies": [
            "azurerm_resource_group.main",
            "azurerm_virtual_network.main"
          ]
        }
      ]
    },
    {
      "mode": "managed",
      "type": "azurerm_virtual_network",
      "name": "main",
      "provider": "provider[\"registry.terraform.io/hashicorp/azurerm\"]",
      "instances": [
        {
          "schema_version": 0,
          "attributes": {
            "address_space": [
              "10.0.0.0/16"
            ],
            "bgp_community": "",
            "ddos_protection_plan": [],
            "dns_servers": [],
            "edge_zone": "",
            "flow_timeout_in_minutes": 0,
            "guid": "19a26619-d194-4c5c-943c-29fcb8a5fed7",
            "id": "/subscriptions/23ae836b-3ff1-4acb-b355-8bcbec64ee62/resourceGroups/hitema-docker-devops-resources/providers/Microsoft.Network/virtualNetworks/hitema-docker-devops-network",
            "location": "francecentral",
            "name": "hitema-docker-devops-network",
            "resource_group_name": "hitema-docker-devops-resources",
            "subnet": [
              {
                "address_prefix": "10.0.2.0/24",
                "id": "/subscriptions/23ae836b-3ff1-4acb-b355-8bcbec64ee62/resourceGroups/hitema-docker-devops-resources/providers/Microsoft.Network/virtualNetworks/hitema-docker-devops-network/subnets/internal",
                "name": "internal",
                "security_group": ""
              }
            ],
            "tags": {
              "environment": "Production"
            },
            "timeouts": null
          },
          "sensitive_attributes": [],
          "private": "eyJlMmJmYjczMC1lY2FhLTExZTYtOGY4OC0zNDM2M2JjN2M0YzAiOnsiY3JlYXRlIjoxODAwMDAwMDAwMDAwLCJkZWxldGUiOjE4MDAwMDAwMDAwMDAsInJlYWQiOjMwMDAwMDAwMDAwMCwidXBkYXRlIjoxODAwMDAwMDAwMDAwfX0=",
          "dependencies": [
            "azurerm_resource_group.main"
          ]
        }
      ]
    }
  ],
  "check_results": null
}
