{
  "version": 4,
  "terraform_version": "1.4.5",
  "serial": 9,
  "lineage": "afe1cffd-03ce-f09a-211e-e32d6444f88f",
  "outputs": {
    "vm_public_ip_address": {
      "value": "20.216.148.61",
      "type": "string"
    },
    "vm_username": {
      "value": "adminuser",
      "type": "string"
    }
  },
  "resources": [
    {
      "mode": "managed",
      "type": "azurerm_linux_virtual_machine",
      "name": "main",
      "provider": "provider[\"registry.terraform.io/hashicorp/azurerm\"]",
      "instances": [
        {
          "schema_version": 0,
          "attributes": {
            "additional_capabilities": [],
            "admin_password": null,
            "admin_ssh_key": [
              {
                "public_key": "ssh-rsa AAAAB3NzaC1yc2EAAAADAQABAAABgQDNQ2UZIf6ecDs+ogWWaqHmQkv57Pd4RPIHrnnHYPBy3gcKH4eE9fxUrgAqLZnJUfoNci/RcrKibG7mJR+z6L/zzYmRIJqLmayODG5/XyoM44Tty4Oz7yDKcxpikQ+5xP8nWtAwBAMLBVeKo4oULGr70MDSDbFW5uq6a0UAHPbxkvXmGEur4/Ur68x1WSZHNbMrp2oFUzRFAOIqPM3XV6O84djXwTdcc8KAGNpKcOBYRFs3+fJqmtlZTftvCWYNubt1L211n4z24NEa5ktvNJVBooR4LT0DJ/JcldJfV4lk3yrjzfgRVn2dPyY4JDWoEO50AFQK7aNmBvYxHmq4mZil0D6DOZUx1B6V4gC3BDfHeEP8d4HgzghgbHxP3vhYrKM/qHQVTXCupzlw7C2r2Lb6jviCXTOj1AFkUQZy12sTniSWFFoIvZHyVJiCHu8Rpr1ufY0eWHOJrwujLwXcA1i6lnfEDucH3YL6+smBVIxDOjIQS9xMMrfZM9f/MxLmlV0= pauline@L875-13D",
                "username": "adminuser"
              }
            ],
            "admin_username": "adminuser",
            "allow_extension_operations": true,
            "availability_set_id": "",
            "boot_diagnostics": [],
            "computer_name": "hitema-docker-devops-vm",
            "custom_data": null,
            "dedicated_host_group_id": "",
            "dedicated_host_id": "",
            "disable_password_authentication": true,
            "edge_zone": "",
            "encryption_at_host_enabled": false,
            "eviction_policy": "",
            "extensions_time_budget": "PT1H30M",
            "id": "/subscriptions/23ae836b-3ff1-4acb-b355-8bcbec64ee62/resourceGroups/hitema-docker-devops-resources/providers/Microsoft.Compute/virtualMachines/hitema-docker-devops-vm",
            "identity": [],
            "license_type": "",
            "location": "francecentral",
            "max_bid_price": -1,
            "name": "hitema-docker-devops-vm",
            "network_interface_ids": [
              "/subscriptions/23ae836b-3ff1-4acb-b355-8bcbec64ee62/resourceGroups/hitema-docker-devops-resources/providers/Microsoft.Network/networkInterfaces/hitema-docker-devops-nic"
            ],
            "os_disk": [
              {
                "caching": "ReadWrite",
                "diff_disk_settings": [],
                "disk_encryption_set_id": "",
                "disk_size_gb": 30,
                "name": "hitema-docker-devops-vm_OsDisk_1_60f731d9a147415f8f49485f042cbec6",
                "storage_account_type": "Standard_LRS",
                "write_accelerator_enabled": false
              }
            ],
            "patch_mode": "ImageDefault",
            "plan": [],
            "platform_fault_domain": -1,
            "priority": "Regular",
            "private_ip_address": "10.0.2.4",
            "private_ip_addresses": [
              "10.0.2.4"
            ],
            "provision_vm_agent": true,
            "proximity_placement_group_id": "",
            "public_ip_address": "20.216.148.61",
            "public_ip_addresses": [
              "20.216.148.61"
            ],
            "resource_group_name": "hitema-docker-devops-resources",
            "secret": [],
            "secure_boot_enabled": false,
            "size": "Standard_B1s",
            "source_image_id": "",
            "source_image_reference": [
              {
                "offer": "UbuntuServer",
                "publisher": "Canonical",
                "sku": "18.04-LTS",
                "version": "latest"
              }
            ],
            "tags": {},
            "termination_notification": [],
            "timeouts": null,
            "user_data": "",
            "virtual_machine_id": "fe06235d-8ad5-4d8c-b0a5-3df8203e9710",
            "virtual_machine_scale_set_id": "",
            "vtpm_enabled": false,
            "zone": ""
          },
          "sensitive_attributes": [],
          "private": "eyJlMmJmYjczMC1lY2FhLTExZTYtOGY4OC0zNDM2M2JjN2M0YzAiOnsiY3JlYXRlIjoyNzAwMDAwMDAwMDAwLCJkZWxldGUiOjI3MDAwMDAwMDAwMDAsInJlYWQiOjMwMDAwMDAwMDAwMCwidXBkYXRlIjoyNzAwMDAwMDAwMDAwfX0=",
          "dependencies": [
            "azurerm_network_interface.main",
            "azurerm_public_ip.pip",
            "azurerm_resource_group.main",
            "azurerm_subnet.internal",
            "azurerm_virtual_network.main"
          ]
        }
      ]
    },
    {
      "mode": "managed",
      "type": "azurerm_network_interface",
      "name": "main",
      "provider": "provider[\"registry.terraform.io/hashicorp/azurerm\"]",
      "instances": [
        {
          "schema_version": 0,
          "attributes": {
            "applied_dns_servers": [],
            "dns_servers": [],
            "edge_zone": "",
            "enable_accelerated_networking": false,
            "enable_ip_forwarding": false,
            "id": "/subscriptions/23ae836b-3ff1-4acb-b355-8bcbec64ee62/resourceGroups/hitema-docker-devops-resources/providers/Microsoft.Network/networkInterfaces/hitema-docker-devops-nic",
            "internal_dns_name_label": "",
            "internal_domain_name_suffix": "jvxjhckctylurj2ldcipdyvjcc.parx.internal.cloudapp.net",
            "ip_configuration": [
              {
                "gateway_load_balancer_frontend_ip_configuration_id": "",
                "name": "internal",
                "primary": true,
                "private_ip_address": "10.0.2.4",
                "private_ip_address_allocation": "Dynamic",
                "private_ip_address_version": "IPv4",
                "public_ip_address_id": "/subscriptions/23ae836b-3ff1-4acb-b355-8bcbec64ee62/resourceGroups/hitema-docker-devops-resources/providers/Microsoft.Network/publicIPAddresses/hitema-docker-devops-pip",
                "subnet_id": "/subscriptions/23ae836b-3ff1-4acb-b355-8bcbec64ee62/resourceGroups/hitema-docker-devops-resources/providers/Microsoft.Network/virtualNetworks/hitema-docker-devops-network/subnets/internal"
              }
            ],
            "location": "francecentral",
            "mac_address": "00-0D-3A-95-5E-0E",
            "name": "hitema-docker-devops-nic",
            "private_ip_address": "10.0.2.4",
            "private_ip_addresses": [
              "10.0.2.4"
            ],
            "resource_group_name": "hitema-docker-devops-resources",
            "tags": {},
            "timeouts": null,
            "virtual_machine_id": "/subscriptions/23ae836b-3ff1-4acb-b355-8bcbec64ee62/resourceGroups/hitema-docker-devops-resources/providers/Microsoft.Compute/virtualMachines/hitema-docker-devops-vm"
          },
          "sensitive_attributes": [],
          "private": "eyJlMmJmYjczMC1lY2FhLTExZTYtOGY4OC0zNDM2M2JjN2M0YzAiOnsiY3JlYXRlIjoxODAwMDAwMDAwMDAwLCJkZWxldGUiOjE4MDAwMDAwMDAwMDAsInJlYWQiOjMwMDAwMDAwMDAwMCwidXBkYXRlIjoxODAwMDAwMDAwMDAwfX0=",
          "dependencies": [
            "azurerm_public_ip.pip",
            "azurerm_resource_group.main",
            "azurerm_subnet.internal",
            "azurerm_virtual_network.main"
          ]
        }
      ]
    },
    {
      "mode": "managed",
      "type": "azurerm_public_ip",
      "name": "pip",
      "provider": "provider[\"registry.terraform.io/hashicorp/azurerm\"]",
      "instances": [
        {
          "schema_version": 0,
          "attributes": {
            "allocation_method": "Static",
            "domain_name_label": null,
            "edge_zone": "",
            "fqdn": null,
            "id": "/subscriptions/23ae836b-3ff1-4acb-b355-8bcbec64ee62/resourceGroups/hitema-docker-devops-resources/providers/Microsoft.Network/publicIPAddresses/hitema-docker-devops-pip",
            "idle_timeout_in_minutes": 4,
            "ip_address": "20.216.148.61",
            "ip_tags": {},
            "ip_version": "IPv4",
            "location": "francecentral",
            "name": "hitema-docker-devops-pip",
            "public_ip_prefix_id": null,
            "resource_group_name": "hitema-docker-devops-resources",
            "reverse_fqdn": null,
            "sku": "Basic",
            "sku_tier": "Regional",
            "tags": {
              "environment": "Production"
            },
            "timeouts": null,
            "zones": []
          },
          "sensitive_attributes": [],
          "private": "eyJlMmJmYjczMC1lY2FhLTExZTYtOGY4OC0zNDM2M2JjN2M0YzAiOnsiY3JlYXRlIjoxODAwMDAwMDAwMDAwLCJkZWxldGUiOjE4MDAwMDAwMDAwMDAsInJlYWQiOjMwMDAwMDAwMDAwMCwidXBkYXRlIjoxODAwMDAwMDAwMDAwfX0=",
          "dependencies": [
            "azurerm_resource_group.main"
          ]
        }
      ]
    },
    {
      "mode": "managed",
      "type": "azurerm_resource_group",
      "name": "main",
      "provider": "provider[\"registry.terraform.io/hashicorp/azurerm\"]",
      "instances": [
        {
          "schema_version": 0,
          "attributes": {
            "id": "/subscriptions/23ae836b-3ff1-4acb-b355-8bcbec64ee62/resourceGroups/hitema-docker-devops-resources",
            "location": "francecentral",
            "name": "hitema-docker-devops-resources",
            "tags": {},
            "timeouts": null
          },
          "sensitive_attributes": [],
          "private": "eyJlMmJmYjczMC1lY2FhLTExZTYtOGY4OC0zNDM2M2JjN2M0YzAiOnsiY3JlYXRlIjo1NDAwMDAwMDAwMDAwLCJkZWxldGUiOjU0MDAwMDAwMDAwMDAsInJlYWQiOjMwMDAwMDAwMDAwMCwidXBkYXRlIjo1NDAwMDAwMDAwMDAwfX0="
        }
      ]
    },
    {
      "mode": "managed",
      "type": "azurerm_ssh_public_key",
      "name": "main",
      "provider": "provider[\"registry.terraform.io/hashicorp/azurerm\"]",
      "instances": [
        {
          "schema_version": 0,
          "attributes": {
            "id": "/subscriptions/23ae836b-3ff1-4acb-b355-8bcbec64ee62/resourceGroups/hitema-docker-devops-resources/providers/Microsoft.Compute/sshPublicKeys/main",
            "location": "francecentral",
            "name": "main",
            "public_key": "ssh-rsa AAAAB3NzaC1yc2EAAAADAQABAAABgQDNQ2UZIf6ecDs+ogWWaqHmQkv57Pd4RPIHrnnHYPBy3gcKH4eE9fxUrgAqLZnJUfoNci/RcrKibG7mJR+z6L/zzYmRIJqLmayODG5/XyoM44Tty4Oz7yDKcxpikQ+5xP8nWtAwBAMLBVeKo4oULGr70MDSDbFW5uq6a0UAHPbxkvXmGEur4/Ur68x1WSZHNbMrp2oFUzRFAOIqPM3XV6O84djXwTdcc8KAGNpKcOBYRFs3+fJqmtlZTftvCWYNubt1L211n4z24NEa5ktvNJVBooR4LT0DJ/JcldJfV4lk3yrjzfgRVn2dPyY4JDWoEO50AFQK7aNmBvYxHmq4mZil0D6DOZUx1B6V4gC3BDfHeEP8d4HgzghgbHxP3vhYrKM/qHQVTXCupzlw7C2r2Lb6jviCXTOj1AFkUQZy12sTniSWFFoIvZHyVJiCHu8Rpr1ufY0eWHOJrwujLwXcA1i6lnfEDucH3YL6+smBVIxDOjIQS9xMMrfZM9f/MxLmlV0= pauline@L875-13D",
            "resource_group_name": "hitema-docker-devops-resources",
            "tags": {},
            "timeouts": null
          },
          "sensitive_attributes": [],
          "private": "eyJlMmJmYjczMC1lY2FhLTExZTYtOGY4OC0zNDM2M2JjN2M0YzAiOnsiY3JlYXRlIjoyNzAwMDAwMDAwMDAwLCJkZWxldGUiOjI3MDAwMDAwMDAwMDAsInJlYWQiOjMwMDAwMDAwMDAwMCwidXBkYXRlIjoyNzAwMDAwMDAwMDAwfX0=",
          "dependencies": [
            "azurerm_resource_group.main"
          ]
        }
      ]
    },
    {
      "mode": "managed",
      "type": "azurerm_subnet",
      "name": "internal",
      "provider": "provider[\"registry.terraform.io/hashicorp/azurerm\"]",
      "instances": [
        {
          "schema_version": 0,
          "attributes": {
            "address_prefixes": [
              "10.0.2.0/24"
            ],
            "delegation": [],
            "enforce_private_link_endpoint_network_policies": false,
            "enforce_private_link_service_network_policies": false,
            "id": "/subscriptions/23ae836b-3ff1-4acb-b355-8bcbec64ee62/resourceGroups/hitema-docker-devops-resources/providers/Microsoft.Network/virtualNetworks/hitema-docker-devops-network/subnets/internal",
            "name": "internal",
            "resource_group_name": "hitema-docker-devops-resources",
            "service_endpoint_policy_ids": [],
            "service_endpoints": [],
            "timeouts": null,
            "virtual_network_name": "hitema-docker-devops-network"
          },
          "sensitive_attributes": [],
          "private": "eyJlMmJmYjczMC1lY2FhLTExZTYtOGY4OC0zNDM2M2JjN2M0YzAiOnsiY3JlYXRlIjoxODAwMDAwMDAwMDAwLCJkZWxldGUiOjE4MDAwMDAwMDAwMDAsInJlYWQiOjMwMDAwMDAwMDAwMCwidXBkYXRlIjoxODAwMDAwMDAwMDAwfX0=",
          "dependencies": [
            "azurerm_resource_group.main",
            "azurerm_virtual_network.main"
          ]
        }
      ]
    },
    {
      "mode": "managed",
      "type": "azurerm_virtual_network",
      "name": "main",
      "provider": "provider[\"registry.terraform.io/hashicorp/azurerm\"]",
      "instances": [
        {
          "schema_version": 0,
          "attributes": {
            "address_space": [
              "10.0.0.0/16"
            ],
            "bgp_community": "",
            "ddos_protection_plan": [],
            "dns_servers": [],
            "edge_zone": "",
            "flow_timeout_in_minutes": 0,
            "guid": "89936e4d-9e42-4817-a78b-1890f1e2a912",
            "id": "/subscriptions/23ae836b-3ff1-4acb-b355-8bcbec64ee62/resourceGroups/hitema-docker-devops-resources/providers/Microsoft.Network/virtualNetworks/hitema-docker-devops-network",
            "location": "francecentral",
            "name": "hitema-docker-devops-network",
            "resource_group_name": "hitema-docker-devops-resources",
            "subnet": [
              {
                "address_prefix": "10.0.2.0/24",
                "id": "/subscriptions/23ae836b-3ff1-4acb-b355-8bcbec64ee62/resourceGroups/hitema-docker-devops-resources/providers/Microsoft.Network/virtualNetworks/hitema-docker-devops-network/subnets/internal",
                "name": "internal",
                "security_group": ""
              }
            ],
            "tags": {
              "environment": "Production"
            },
            "timeouts": null
          },
          "sensitive_attributes": [],
          "private": "eyJlMmJmYjczMC1lY2FhLTExZTYtOGY4OC0zNDM2M2JjN2M0YzAiOnsiY3JlYXRlIjoxODAwMDAwMDAwMDAwLCJkZWxldGUiOjE4MDAwMDAwMDAwMDAsInJlYWQiOjMwMDAwMDAwMDAwMCwidXBkYXRlIjoxODAwMDAwMDAwMDAwfX0=",
          "dependencies": [
            "azurerm_resource_group.main"
          ]
        }
      ]
    }
  ],
  "check_results": null
}
